
Microsoft Visual Studio Solution File, Format Version 12.00
# Visual Studio Version 17
VisualStudioVersion = 17.3.32901.215
MinimumVisualStudioVersion = 10.0.40219.1
Project("{FAE04EC0-301F-11D3-BF4B-00C04F79EFBC}") = "MqttTest_winform", "MqttTest_winform\MqttTest_winform.csproj", "{81B910B3-EC38-4B25-80E3-8FEC7D0487C1}"
EndProject
Global
	GlobalSection(SolutionConfigurationPlatforms) = preSolution
		Debug|Any CPU = Debug|Any CPU
		Release|Any CPU = Release|Any CPU
	EndGlobalSection
	GlobalSection(ProjectConfigurationPlatforms) = postSolution
		{81B910B3-EC38-4B25-80E3-8FEC7D0487C1}.Debug|Any CPU.ActiveCfg = Debug|Any CPU
		{81B910B3-EC38-4B25-80E3-8FEC7D0487C1}.Debug|Any CPU.Build.0 = Debug|Any CPU
		{81B910B3-EC38-4B25-80E3-8FEC7D0487C1}.Release|Any CPU.ActiveCfg = Release|Any CPU
		{81B910B3-EC38-4B25-80E3-8FEC7D0487C1}.Release|Any CPU.Build.0 = Release|Any CPU
	EndGlobalSection
	GlobalSection(SolutionProperties) = preSolution
		HideSolutionNode = FALSE
	EndGlobalSection
	GlobalSection(ExtensibilityGlobals) = postSolution
		SolutionGuid = {AE70065C-6041-4C86-8017-7987F9B944A5}
	EndGlobalSection
EndGlobal
